version = 1
revision = 3
requires-python = "==3.12.*"

[options]
prerelease-mode = "allow"

[[package]]
name = "colorama"
version = "0.4.6"
source = { registry = "https://download.pytorch.org/whl/test/cu132" }
wheels = [
    { url = "https://download.pytorch.org/whl/test/colorama-0.4.6-py2.py3-none-any.whl", hash = "sha256:4f1d9991f5acc0ca119f9d443620b77f9d6b33703e51011c16baf57afb285fc6", upload-time = "2023-10-04T17:44:37Z" },
]

[[package]]
name = "cuda-bindings"
version = "13.2.0"
source = { registry = "https://pypi.org/simple" }
dependencies = [
    { name = "cuda-pathfinder" },
]
wheels = [
    { url = "https://files.pythonhosted.org/packages/52/c8/b2589d68acf7e3d63e2be330b84bc25712e97ed799affbca7edd7eae25d6/cuda_bindings-13.2.0-cp312-cp312-manylinux_2_24_aarch64.manylinux_2_28_aarch64.whl", hash = "sha256:e865447abfb83d6a98ad5130ed3c70b1fc295ae3eeee39fd07b4ddb0671b6788", size = 5722404, upload-time = "2026-03-11T00:12:44.041Z" },
    { url = "https://files.pythonhosted.org/packages/1f/92/f899f7bbb5617bb65ec52a6eac1e9a1447a86b916c4194f8a5001b8cde0c/cuda_bindings-13.2.0-cp312-cp312-manylinux_2_24_x86_64.manylinux_2_28_x86_64.whl", hash = "sha256:46d8776a55d6d5da9dd6e9858fba2efcda2abe6743871dee47dd06eb8cb6d955", size = 6320619, upload-time = "2026-03-11T00:12:45.939Z" },
]

[[package]]
name = "cuda-pathfinder"
version = "1.5.4"
source = { registry = "https://pypi.org/simple" }
wheels = [
    { url = "https://files.pythonhosted.org/packages/11/d0/c177e29701cf1d3008d7d2b16b5fc626592ce13bd535f8795c5f57187e0e/cuda_pathfinder-1.5.4-py3-none-any.whl", hash = "sha256:9563d3175ce1828531acf4b94e1c1c7d67208c347ca002493e2654878b26f4b7", size = 51657, upload-time = "2026-04-27T22:42:07.712Z" },
]

[[package]]
name = "cuda-toolkit"
version = "13.2.1"
source = { registry = "https://download.pytorch.org/whl/test/cu132" }
wheels = [
    { url = "https://pypi.nvidia.com/cuda-toolkit/cuda_toolkit-13.2.1-py2.py3-none-any.whl", hash = "sha256:646d0e3668ce6f78f2312bb9cc0f668b9cbfcbef187eaa6a39eb2ea6dbec2a31" },
]

[package.optional-dependencies]
cublas = [
    { name = "nvidia-cublas", marker = "(platform_machine == 'aarch64' and sys_platform == 'linux') or (platform_machine == 'x86_64' and sys_platform == 'linux') or (platform_machine == 'AMD64' and sys_platform == 'win32')" },
    { name = "nvidia-cuda-nvrtc", marker = "(platform_machine == 'aarch64' and sys_platform == 'linux') or (platform_machine == 'x86_64' and sys_platform == 'linux') or (platform_machine == 'AMD64' and sys_platform == 'win32')" },
]
cudart = [
    { name = "nvidia-cuda-runtime", marker = "(platform_machine == 'aarch64' and sys_platform == 'linux') or (platform_machine == 'x86_64' and sys_platform == 'linux') or (platform_machine == 'AMD64' and sys_platform == 'win32')" },
]
cufft = [
    { name = "nvidia-cufft", marker = "(platform_machine == 'aarch64' and sys_platform == 'linux') or (platform_machine == 'x86_64' and sys_platform == 'linux') or (platform_machine == 'AMD64' and sys_platform == 'win32')" },
    { name = "nvidia-nvjitlink", marker = "(platform_machine == 'aarch64' and sys_platform == 'linux') or (platform_machine == 'x86_64' and sys_platform == 'linux') or (platform_machine == 'AMD64' and sys_platform == 'win32')" },
]
cufile = [
    { name = "nvidia-cufile", marker = "(platform_machine == 'aarch64' and sys_platform == 'linux') or (platform_machine == 'x86_64' and sys_platform == 'linux')" },
]
cupti = [
    { name = "nvidia-cuda-cupti", marker = "(platform_machine == 'aarch64' and sys_platform == 'linux') or (platform_machine == 'x86_64' and sys_platform == 'linux') or (platform_machine == 'AMD64' and sys_platform == 'win32')" },
]
curand = [
    { name = "nvidia-curand", marker = "(platform_machine == 'aarch64' and sys_platform == 'linux') or (platform_machine == 'x86_64' and sys_platform == 'linux') or (platform_machine == 'AMD64' and sys_platform == 'win32')" },
]
cusolver = [
    { name = "nvidia-cublas", marker = "(platform_machine == 'aarch64' and sys_platform == 'linux') or (platform_machine == 'x86_64' and sys_platform == 'linux') or (platform_machine == 'AMD64' and sys_platform == 'win32')" },
    { name = "nvidia-cusolver", marker = "(platform_machine == 'aarch64' and sys_platform == 'linux') or (platform_machine == 'x86_64' and sys_platform == 'linux') or (platform_machine == 'AMD64' and sys_platform == 'win32')" },
    { name = "nvidia-cusparse", marker = "(platform_machine == 'aarch64' and sys_platform == 'linux') or (platform_machine == 'x86_64' and sys_platform == 'linux') or (platform_machine == 'AMD64' and sys_platform == 'win32')" },
    { name = "nvidia-nvjitlink", marker = "(platform_machine == 'aarch64' and sys_platform == 'linux') or (platform_machine == 'x86_64' and sys_platform == 'linux') or (platform_machine == 'AMD64' and sys_platform == 'win32')" },
]
cusparse = [
    { name = "nvidia-cusparse", marker = "(platform_machine == 'aarch64' and sys_platform == 'linux') or (platform_machine == 'x86_64' and sys_platform == 'linux') or (platform_machine == 'AMD64' and sys_platform == 'win32')" },
    { name = "nvidia-nvjitlink", marker = "(platform_machine == 'aarch64' and sys_platform == 'linux') or (platform_machine == 'x86_64' and sys_platform == 'linux') or (platform_machine == 'AMD64' and sys_platform == 'win32')" },
]
nvjitlink = [
    { name = "nvidia-nvjitlink", marker = "(platform_machine == 'aarch64' and sys_platform == 'linux') or (platform_machine == 'x86_64' and sys_platform == 'linux') or (platform_machine == 'AMD64' and sys_platform == 'win32')" },
]
nvrtc = [
    { name = "nvidia-cuda-nvrtc", marker = "(platform_machine == 'aarch64' and sys_platform == 'linux') or (platform_machine == 'x86_64' and sys_platform == 'linux') or (platform_machine == 'AMD64' and sys_platform == 'win32')" },
]
nvtx = [
    { name = "nvidia-nvtx", marker = "(platform_machine == 'aarch64' and sys_platform == 'linux') or (platform_machine == 'x86_64' and sys_platform == 'linux') or (platform_machine == 'AMD64' and sys_platform == 'win32')" },
]

[[package]]
name = "einops"
version = "0.8.2"
source = { registry = "https://pypi.org/simple" }
sdist = { url = "https://files.pythonhosted.org/packages/2c/77/850bef8d72ffb9219f0b1aac23fbc1bf7d038ee6ea666f331fa273031aa2/einops-0.8.2.tar.gz", hash = "sha256:609da665570e5e265e27283aab09e7f279ade90c4f01bcfca111f3d3e13f2827", size = 56261, upload-time = "2026-01-26T04:13:17.638Z" }
wheels = [
    { url = "https://files.pythonhosted.org/packages/2a/09/f8d8f8f31e4483c10a906437b4ce31bdf3d6d417b73fe33f1a8b59e34228/einops-0.8.2-py3-none-any.whl", hash = "sha256:54058201ac7087911181bfec4af6091bb59380360f069276601256a76af08193", size = 65638, upload-time = "2026-01-26T04:13:18.546Z" },
]

[[package]]
name = "filelock"
version = "3.29.0"
source = { registry = "https://download.pytorch.org/whl/test/cu132" }
sdist = { url = "https://files.pythonhosted.org/packages/b5/fe/997687a931ab51049acce6fa1f23e8f01216374ea81374ddee763c493db5/filelock-3.29.0.tar.gz", hash = "sha256:69974355e960702e789734cb4871f884ea6fe50bd8404051a3530bc07809cf90" }
wheels = [
    { url = "https://files.pythonhosted.org/packages/81/47/dd9a212ef6e343a6857485ffe25bba537304f1913bdbed446a23f7f592e1/filelock-3.29.0-py3-none-any.whl", hash = "sha256:96f5f6344709aa1572bbf631c640e4ebeeb519e08da902c39a001882f30ac258" },
]

[[package]]
name = "fsspec"
version = "2026.4.0"
source = { registry = "https://download.pytorch.org/whl/test/cu132" }
sdist = { url = "https://files.pythonhosted.org/packages/d5/8d/1c51c094345df128ca4a990d633fe1a0ff28726c9e6b3c41ba65087bba1d/fsspec-2026.4.0.tar.gz", hash = "sha256:301d8ac70ae90ef3ad05dcf94d6c3754a097f9b5fe4667d2787aa359ec7df7e4" }
wheels = [
    { url = "https://files.pythonhosted.org/packages/d5/0c/043d5e551459da400957a1395e0febbf771446ff34291afcbe3d8be2a279/fsspec-2026.4.0-py3-none-any.whl", hash = "sha256:11ef7bb35dab8a394fde6e608221d5cf3e8499401c249bebaeaad760a1a8dec2" },
]

[[package]]
name = "iniconfig"
version = "2.3.0"
source = { registry = "https://pypi.org/simple" }
sdist = { url = "https://files.pythonhosted.org/packages/72/34/14ca021ce8e5dfedc35312d08ba8bf51fdd999c576889fc2c24cb97f4f10/iniconfig-2.3.0.tar.gz", hash = "sha256:c76315c77db068650d49c5b56314774a7804df16fee4402c1f19d6d15d8c4730", size = 20503, upload-time = "2025-10-18T21:55:43.219Z" }
wheels = [
    { url = "https://files.pythonhosted.org/packages/cb/b1/3846dd7f199d53cb17f49cba7e651e9ce294d8497c8c150530ed11865bb8/iniconfig-2.3.0-py3-none-any.whl", hash = "sha256:f631c04d2c48c52b84d0d0549c99ff3859c98df65b3101406327ecc7d53fbf12", size = 7484, upload-time = "2025-10-18T21:55:41.639Z" },
]

[[package]]
name = "jinja2"
version = "3.1.6"
source = { registry = "https://download.pytorch.org/whl/test/cu132" }
dependencies = [
    { name = "markupsafe" },
]
wheels = [
    { url = "https://download.pytorch.org/whl/test/jinja2-3.1.6-py3-none-any.whl", upload-time = "2025-10-17T01:23:35Z" },
]

[[package]]
name = "low-bit-fake-quant"
version = "0.1.0"
source = { editable = "." }
dependencies = [
    { name = "numpy" },
    { name = "torch" },
    { name = "tqdm" },
    { name = "triton" },
]

[package.optional-dependencies]
bench = [
    { name = "einops" },
]
dev = [
    { name = "pytest" },
    { name = "ruff" },
]

[package.metadata]
requires-dist = [
    { name = "einops", marker = "extra == 'bench'", specifier = ">=0.8" },
    { name = "numpy", specifier = ">=2.0" },
    { name = "pytest", marker = "extra == 'dev'", specifier = ">=8.0" },
    { name = "ruff", marker = "extra == 'dev'", specifier = ">=0.8" },
    { name = "torch", specifier = "~=2.12.0", index = "https://download.pytorch.org/whl/test/cu132" },
    { name = "tqdm", specifier = ">=4.66" },
    { name = "triton", specifier = "~=3.7.0" },
]
provides-extras = ["dev", "bench"]

[[package]]
name = "markupsafe"
version = "3.0.3"
source = { registry = "https://download.pytorch.org/whl/test/cu132" }
wheels = [
    { url = "https://download.pytorch.org/whl/test/markupsafe-3.0.3-cp312-cp312-macosx_11_0_arm64.whl", upload-time = "2026-03-25T18:14:54Z" },
    { url = "https://download.pytorch.org/whl/test/markupsafe-3.0.3-cp312-cp312-manylinux2014_aarch64.manylinux_2_17_aarch64.manylinux_2_28_aarch64.whl", upload-time = "2026-03-25T18:14:52Z" },
    { url = "https://download.pytorch.org/whl/test/markupsafe-3.0.3-cp312-cp312-manylinux2014_x86_64.manylinux_2_17_x86_64.manylinux_2_28_x86_64.whl", upload-time = "2026-03-25T18:14:50Z" },
    { url = "https://download.pytorch.org/whl/test/markupsafe-3.0.3-cp312-cp312-win_amd64.whl", upload-time = "2026-03-25T18:14:49Z" },
]

[[package]]
name = "mpmath"
version = "1.3.0"
source = { registry = "https://download.pytorch.org/whl/test/cu132" }
sdist = { url = "https://files.pythonhosted.org/packages/e0/47/dd32fa426cc72114383ac549964eecb20ecfd886d1e5ccf5340b55b02f57/mpmath-1.3.0.tar.gz", hash = "sha256:7a28eb2a9774d00c7bc92411c19a89209d5da7c4c9a9e227be8330a23a25b91f" }
wheels = [
    { url = "https://files.pythonhosted.org/packages/43/e3/7d92a15f894aa0c9c4b49b8ee9ac9850d6e63b03c9c32c0367a13ae62209/mpmath-1.3.0-py3-none-any.whl", hash = "sha256:a0b2b9fe80bbcd81a6647ff13108738cfb482d481d826cc0e02f5b35e5c88d2c" },
]

[[package]]
name = "networkx"
version = "3.6.1"
source = { registry = "https://download.pytorch.org/whl/test/cu132" }
sdist = { url = "https://files.pythonhosted.org/packages/6a/51/63fe664f3908c97be9d2e4f1158eb633317598cfa6e1fc14af5383f17512/networkx-3.6.1.tar.gz", hash = "sha256:26b7c357accc0c8cde558ad486283728b65b6a95d85ee1cd66bafab4c8168509" }
wheels = [
    { url = "https://files.pythonhosted.org/packages/9e/c9/b2622292ea83fbb4ec318f5b9ab867d0a28ab43c5717bb85b0a5f6b3b0a4/networkx-3.6.1-py3-none-any.whl", hash = "sha256:d47fbf302e7d9cbbb9e2555a0d267983d2aa476bac30e90dfbe5669bd57f3762" },
]

[[package]]
name = "numpy"
version = "2.4.5"
source = { registry = "https://pypi.org/simple" }
sdist = { url = "https://files.pythonhosted.org/packages/50/8e/b8041bc719f056afd864478029d52214789341ac6583437b0ee5031e9530/numpy-2.4.5.tar.gz", hash = "sha256:ca670567a5683b7c1670ec03e0ddd5862e10934e92a70751d68d7b7b74ca7f9f", size = 20735669, upload-time = "2026-05-15T20:25:19.492Z" }
wheels = [
    { url = "https://files.pythonhosted.org/packages/6c/18/3275231e98620002681c922e792db04d72c356e9d8073c387344fc0e4ff1/numpy-2.4.5-cp312-cp312-macosx_10_13_x86_64.whl", hash = "sha256:654fb8674b61b1c4bd568f944d13a908566fdcb0d797303521d4149d16da05ef", size = 16689166, upload-time = "2026-05-15T20:22:50.761Z" },
    { url = "https://files.pythonhosted.org/packages/db/23/000aab6a16bdec53307f0f72546b57a3ac9266a62d8c257bee97d85fd078/numpy-2.4.5-cp312-cp312-macosx_11_0_arm64.whl", hash = "sha256:4cd9f6fa7ce10dc4627f2bb81dd9075dab67e94632e04c2b638e12575ddaa862", size = 14699514, upload-time = "2026-05-15T20:22:53.678Z" },
    { url = "https://files.pythonhosted.org/packages/47/cc/ddaf3af9c46966fef5be879256f213d85a0c56c75d07a3b7defec7cf6b4c/numpy-2.4.5-cp312-cp312-macosx_14_0_arm64.whl", hash = "sha256:4f5bc96d35d94e4ceab8b38a92241b4611e95dc44e63b9f1fa2a331858ee3507", size = 5204601, upload-time = "2026-05-15T20:22:56.257Z" },
    { url = "https://files.pythonhosted.org/packages/07/ea/627fadd11959b3c7759008f34c92a35af8ff942dd8284a66ced648bbe516/numpy-2.4.5-cp312-cp312-macosx_14_0_x86_64.whl", hash = "sha256:4bb33e900ee81730ad77a258965134aa8ceac805124f7e5229347beda4b8d0aa", size = 6551360, upload-time = "2026-05-15T20:22:58.334Z" },
    { url = "https://files.pythonhosted.org/packages/a1/47/0728b986b8682d742ff68c16baa5af9d185484abfc635c5cc700f44e62be/numpy-2.4.5-cp312-cp312-manylinux_2_27_aarch64.manylinux_2_28_aarch64.whl", hash = "sha256:32f8f852273ef32b291201ac2a2c97629c4a1ee8632bb670e3443eaa09fc2e72", size = 15671157, upload-time = "2026-05-15T20:23:01.081Z" },
    { url = "https://files.pythonhosted.org/packages/d1/0b/b905ae82d9419dc38123523862db64978ca2954b69609c3ae8fdaca1084c/numpy-2.4.5-cp312-cp312-manylinux_2_27_x86_64.manylinux_2_28_x86_64.whl", hash = "sha256:685681e956fc8dcb75adc6ff26694e1dfd738b24bd8d4696c51ca0110157f912", size = 16645703, upload-time = "2026-05-15T20:23:04.358Z" },
    { url = "https://files.pythonhosted.org/packages/5f/24/e27fc3f5236b4118ed9eed67111675f5c61a07ea333acec87c869c3b359d/numpy-2.4.5-cp312-cp312-musllinux_1_2_aarch64.whl", hash = "sha256:6f64dd84b277a737eb59513f6b9bb6195bf41ab11941ef15b2562dbab43fa8ef", size = 17021018, upload-time = "2026-05-15T20:23:07.021Z" },
    { url = "https://files.pythonhosted.org/packages/d3/a7/9041af38d527ab80a06a93570a77e29425b41507ad41f6acf5da78cfb4a4/numpy-2.4.5-cp312-cp312-musllinux_1_2_x86_64.whl", hash = "sha256:b42d9496f79e3a728192f05a42d86e36163217b7cdecb3813d0028a0aa6b72d7", size = 18368768, upload-time = "2026-05-15T20:23:09.44Z" },
    { url = "https://files.pythonhosted.org/packages/49/82/326a014442f32c2663434fd424d9298791f47f8a0f17585ad60519a5606e/numpy-2.4.5-cp312-cp312-win32.whl", hash = "sha256:86d980970f5110595ca14855768073b08585fc1acc36895de303e039e7dee4a5", size = 5962819, upload-time = "2026-05-15T20:23:11.631Z" },
    { url = "https://files.pythonhosted.org/packages/3c/f0/cbf5d391b0b3a5e8cad264603e2fae256b0bde8ce43566b13b78faedc659/numpy-2.4.5-cp312-cp312-win_amd64.whl", hash = "sha256:3333dba6a4e611d666f69e177ba8fe4140366ff681a5feb2374d3fd4fff3acb6", size = 12321621, upload-time = "2026-05-15T20:23:14.305Z" },
    { url = "https://files.pythonhosted.org/packages/3c/d0/0f18909d9bc37a5f3f969fc737d2bb5df9f2ff295f71b467e6f52a0d6c4e/numpy-2.4.5-cp312-cp312-win_arm64.whl", hash = "sha256:4593d197270b894efeb538dcbe227e4bcf1c77f88c4c6bf933ead812cfaa4453", size = 10221430, upload-time = "2026-05-15T20:23:16.887Z" },
]

[[package]]
name = "nvidia-cublas"
version = "13.4.0.1"
source = { registry = "https://download.pytorch.org/whl/test/cu132" }
dependencies = [
    { name = "nvidia-cuda-nvrtc" },
]
wheels = [
    { url = "https://pypi.nvidia.com/nvidia-cublas/nvidia_cublas-13.4.0.1-py3-none-manylinux_2_27_aarch64.whl", hash = "sha256:705d7d214fbb20f134415ecadc488abf74f444c155a6555dec5687404afb18a9" },
    { url = "https://pypi.nvidia.com/nvidia-cublas/nvidia_cublas-13.4.0.1-py3-none-manylinux_2_27_x86_64.whl", hash = "sha256:53bf22e2ccbf644db74b6cc21cea7f5efb1a52aa64515438b430abbd05af4106" },
]

[[package]]
name = "nvidia-cuda-cupti"
version = "13.2.75"
source = { registry = "https://download.pytorch.org/whl/test/cu132" }
wheels = [
    { url = "https://pypi.nvidia.com/nvidia-cuda-cupti/nvidia_cuda_cupti-13.2.75-py3-none-manylinux_2_25_aarch64.whl", hash = "sha256:003157a0ca04d34a1f83a764dcbe36eabceda5a771e9a2cc85a461b2765888b6" },
    { url = "https://pypi.nvidia.com/nvidia-cuda-cupti/nvidia_cuda_cupti-13.2.75-py3-none-manylinux_2_25_x86_64.whl", hash = "sha256:f75aca6bef89c625a4076a820302bb06764daa1d21595286f6bee5e237d3a187" },
]

[[package]]
name = "nvidia-cuda-nvrtc"
version = "13.2.78"
source = { registry = "https://download.pytorch.org/whl/test/cu132" }
wheels = [
    { url = "https://pypi.nvidia.com/nvidia-cuda-nvrtc/nvidia_cuda_nvrtc-13.2.78-py3-none-manylinux2010_x86_64.manylinux_2_12_x86_64.whl", hash = "sha256:a9049031da08cbedd0c20e3470e5a978dc330af0e0326b3b05774718c665dc3e" },
    { url = "https://pypi.nvidia.com/nvidia-cuda-nvrtc/nvidia_cuda_nvrtc-13.2.78-py3-none-manylinux2014_aarch64.manylinux_2_17_aarch64.whl", hash = "sha256:a50367a7e2a0bd00fb27e5648179149cc7a60e7c7811740a5ff559f06234526d" },
]

[[package]]
name = "nvidia-cuda-runtime"
version = "13.2.75"
source = { registry = "https://download.pytorch.org/whl/test/cu132" }
wheels = [
    { url = "https://pypi.nvidia.com/nvidia-cuda-runtime/nvidia_cuda_runtime-13.2.75-py3-none-manylinux2014_aarch64.manylinux_2_17_aarch64.whl", hash = "sha256:36e539e8deb01568025830c1454216c26ef4b4529507220b1d8ef739bf5c6439" },
    { url = "https://pypi.nvidia.com/nvidia-cuda-runtime/nvidia_cuda_runtime-13.2.75-py3-none-manylinux2014_x86_64.manylinux_2_17_x86_64.whl", hash = "sha256:72bf454902da594e0b833cadeddc8b7100ce1c7cf7ed9023943931be1aa913b7" },
]

[[package]]
name = "nvidia-cudnn-cu13"
version = "9.20.0.48"
source = { registry = "https://download.pytorch.org/whl/test/cu132" }
dependencies = [
    { name = "nvidia-cublas" },
]
wheels = [
    { url = "https://pypi.nvidia.com/nvidia-cudnn-cu13/nvidia_cudnn_cu13-9.20.0.48-py3-none-manylinux_2_27_aarch64.whl", hash = "sha256:e31454ae00094b0c55319d9d15b6fa2fc50a9e1c0f5c8c80fb75258234e731e1" },
    { url = "https://pypi.nvidia.com/nvidia-cudnn-cu13/nvidia_cudnn_cu13-9.20.0.48-py3-none-manylinux_2_27_x86_64.whl", hash = "sha256:0c45dd8eeb50b603f07995b1b300c62ffe6a1980482b82b3bcf94a4ca9d49304" },
]

[[package]]
name = "nvidia-cufft"
version = "12.2.0.46"
source = { registry = "https://download.pytorch.org/whl/test/cu132" }
dependencies = [
    { name = "nvidia-nvjitlink" },
]
wheels = [
    { url = "https://pypi.nvidia.com/nvidia-cufft/nvidia_cufft-12.2.0.46-py3-none-manylinux2014_aarch64.manylinux_2_17_aarch64.whl", hash = "sha256:2e8f3a22c2745f95327b7639ba2868ea2cbd5d3131ebe6313394e24164054f41" },
    { url = "https://pypi.nvidia.com/nvidia-cufft/nvidia_cufft-12.2.0.46-py3-none-manylinux2014_x86_64.manylinux_2_17_x86_64.whl", hash = "sha256:a9667ae4d81b9e54ddbbad24a9e72334f89d4fc184566d05ef028e2760c820eb" },
]

[[package]]
name = "nvidia-cufile"
version = "1.17.1.22"
source = { registry = "https://download.pytorch.org/whl/test/cu132" }
wheels = [
    { url = "https://pypi.nvidia.com/nvidia-cufile/nvidia_cufile-1.17.1.22-py3-none-manylinux_2_27_aarch64.whl", hash = "sha256:bec33d7f1f12691dce330275246587569c2ed90b1ce43b0f94b3e1ce9268744b" },
    { url = "https://pypi.nvidia.com/nvidia-cufile/nvidia_cufile-1.17.1.22-py3-none-manylinux_2_27_x86_64.whl", hash = "sha256:87feaf8c3ad20d3d03a01933181801ff6892bace5c8f0b1e4b48f319d3e62d36" },
]

[[package]]
name = "nvidia-curand"
version = "10.4.2.55"
source = { registry = "https://download.pytorch.org/whl/test/cu132" }
wheels = [
    { url = "https://pypi.nvidia.com/nvidia-curand/nvidia_curand-10.4.2.55-py3-none-manylinux_2_27_aarch64.whl", hash = "sha256:342e40ddcaedc92aedc72839e0c10064096fceea2f1d0eb57951f86d2901f8c0" },
    { url = "https://pypi.nvidia.com/nvidia-curand/nvidia_curand-10.4.2.55-py3-none-manylinux_2_27_x86_64.whl", hash = "sha256:b4080cab49d4939f8e46b2c195c76c698d2289835c36ede558836daa40000e70" },
]

[[package]]
name = "nvidia-cusolver"
version = "12.2.0.1"
source = { registry = "https://download.pytorch.org/whl/test/cu132" }
dependencies = [
    { name = "nvidia-cublas" },
    { name = "nvidia-cusparse" },
    { name = "nvidia-nvjitlink" },
]
wheels = [
    { url = "https://pypi.nvidia.com/nvidia-cusolver/nvidia_cusolver-12.2.0.1-py3-none-manylinux_2_27_aarch64.whl", hash = "sha256:c9def09fcf300b9465cdf800142abf10149df28c4290bdf9e7b4a700480d31d7" },
    { url = "https://pypi.nvidia.com/nvidia-cusolver/nvidia_cusolver-12.2.0.1-py3-none-manylinux_2_27_x86_64.whl", hash = "sha256:4693ea3c2a5d20369da7b5a4970a41df9b40f1b6f2ef9909c95f7c8c8c5ffb4d" },
]

[[package]]
name = "nvidia-cusparse"
version = "12.7.10.1"
source = { registry = "https://download.pytorch.org/whl/test/cu132" }
dependencies = [
    { name = "nvidia-nvjitlink" },
]
wheels = [
    { url = "https://pypi.nvidia.com/nvidia-cusparse/nvidia_cusparse-12.7.10.1-py3-none-manylinux2014_aarch64.manylinux_2_17_aarch64.whl", hash = "sha256:80cc98b38fdcf054a80bd9782fe2e63c66f90e202cac269f641357ccac5fe7e3" },
    { url = "https://pypi.nvidia.com/nvidia-cusparse/nvidia_cusparse-12.7.10.1-py3-none-manylinux2014_x86_64.manylinux_2_17_x86_64.whl", hash = "sha256:f0d110640aa63e7182fa787cc245afa07c5fb84ac30f1c4029e4fa3012353172" },
]

[[package]]
name = "nvidia-cusparselt-cu13"
version = "0.8.1"
source = { registry = "https://download.pytorch.org/whl/test/cu132" }
wheels = [
    { url = "https://pypi.nvidia.com/nvidia-cusparselt-cu13/nvidia_cusparselt_cu13-0.8.1-py3-none-manylinux2014_aarch64.whl", hash = "sha256:4dca476c50bf4780d46cd0bfbd82e2bc10a08e4fef7950917ce8d7578d22a23f" },
    { url = "https://pypi.nvidia.com/nvidia-cusparselt-cu13/nvidia_cusparselt_cu13-0.8.1-py3-none-manylinux2014_x86_64.whl", hash = "sha256:786ce87568c303fadb5afcc7102d454cd3040d75f6f8626f5db460d1871f4dd0" },
]

[[package]]
name = "nvidia-nccl-cu13"
version = "2.29.7"
source = { registry = "https://download.pytorch.org/whl/test/cu132" }
wheels = [
    { url = "https://pypi.nvidia.com/nvidia-nccl-cu13/nvidia_nccl_cu13-2.29.7-py3-none-manylinux_2_18_aarch64.whl", hash = "sha256:674a12383e3c38a1bcccae7d4f3633b37852230b6047883cb2f4c2d1b36d9bf5" },
    { url = "https://pypi.nvidia.com/nvidia-nccl-cu13/nvidia_nccl_cu13-2.29.7-py3-none-manylinux_2_18_x86_64.whl", hash = "sha256:edd81538446786ec3b73972543e53bb43bcaf0bfc8ef76cb679fcc390ffe136d" },
]

[[package]]
name = "nvidia-nvjitlink"
version = "13.2.78"
source = { registry = "https://download.pytorch.org/whl/test/cu132" }
wheels = [
    { url = "https://pypi.nvidia.com/nvidia-nvjitlink/nvidia_nvjitlink-13.2.78-py3-none-manylinux2010_x86_64.manylinux_2_12_x86_64.whl", hash = "sha256:27964b6702aeceee05fc0ab47b4c97e3f8966bd47d05d9827e913c49a025656b" },
    { url = "https://pypi.nvidia.com/nvidia-nvjitlink/nvidia_nvjitlink-13.2.78-py3-none-manylinux2014_aarch64.manylinux_2_17_aarch64.whl", hash = "sha256:f8db47f159e434f5c7b9de53c4bc71cfa03ac3aeae717db5dc91b846c506b0a3" },
]

[[package]]
name = "nvidia-nvshmem-cu13"
version = "3.4.5"
source = { registry = "https://download.pytorch.org/whl/test/cu132" }
wheels = [
    { url = "https://pypi.nvidia.com/nvidia-nvshmem-cu13/nvidia_nvshmem_cu13-3.4.5-py3-none-manylinux2014_aarch64.manylinux_2_17_aarch64.whl", hash = "sha256:6dc2a197f38e5d0376ad52cd1a2a3617d3cdc150fd5966f4aee9bcebb1d68fe9" },
    { url = "https://pypi.nvidia.com/nvidia-nvshmem-cu13/nvidia_nvshmem_cu13-3.4.5-py3-none-manylinux2014_x86_64.manylinux_2_17_x86_64.whl", hash = "sha256:290f0a2ee94c9f3687a02502f3b9299a9f9fe826e6d0287ee18482e78d495b80" },
]

[[package]]
name = "nvidia-nvtx"
version = "13.2.75"
source = { registry = "https://download.pytorch.org/whl/test/cu132" }
wheels = [
    { url = "https://pypi.nvidia.com/nvidia-nvtx/nvidia_nvtx-13.2.75-py3-none-manylinux1_x86_64.manylinux_2_5_x86_64.whl", hash = "sha256:2d7c24fc582d841493c6dc2cf017c25e4428cf583a3bd9e9325a65f0ecc65f73" },
    { url = "https://pypi.nvidia.com/nvidia-nvtx/nvidia_nvtx-13.2.75-py3-none-manylinux2014_aarch64.manylinux_2_17_aarch64.whl", hash = "sha256:d8e1c4a14a21d6dd4bc2fc59eb1e3f42447db40edf5d0f580c0eba5f9abb606c" },
]

[[package]]
name = "packaging"
version = "26.2"
source = { registry = "https://pypi.org/simple" }
sdist = { url = "https://files.pythonhosted.org/packages/d7/f1/e7a6dd94a8d4a5626c03e4e99c87f241ba9e350cd9e6d75123f992427270/packaging-26.2.tar.gz", hash = "sha256:ff452ff5a3e828ce110190feff1178bb1f2ea2281fa2075aadb987c2fb221661", size = 228134, upload-time = "2026-04-24T20:15:23.917Z" }
wheels = [
    { url = "https://files.pythonhosted.org/packages/df/b2/87e62e8c3e2f4b32e5fe99e0b86d576da1312593b39f47d8ceef365e95ed/packaging-26.2-py3-none-any.whl", hash = "sha256:5fc45236b9446107ff2415ce77c807cee2862cb6fac22b8a73826d0693b0980e", size = 100195, upload-time = "2026-04-24T20:15:22.081Z" },
]

[[package]]
name = "pluggy"
version = "1.6.0"
source = { registry = "https://pypi.org/simple" }
sdist = { url = "https://files.pythonhosted.org/packages/f9/e2/3e91f31a7d2b083fe6ef3fa267035b518369d9511ffab804f839851d2779/pluggy-1.6.0.tar.gz", hash = "sha256:7dcc130b76258d33b90f61b658791dede3486c3e6bfb003ee5c9bfb396dd22f3", size = 69412, upload-time = "2025-05-15T12:30:07.975Z" }
wheels = [
    { url = "https://files.pythonhosted.org/packages/54/20/4d324d65cc6d9205fabedc306948156824eb9f0ee1633355a8f7ec5c66bf/pluggy-1.6.0-py3-none-any.whl", hash = "sha256:e920276dd6813095e9377c0bc5566d94c932c33b27a3e3945d8389c374dd4746", size = 20538, upload-time = "2025-05-15T12:30:06.134Z" },
]

[[package]]
name = "pygments"
version = "2.20.0"
source = { registry = "https://pypi.org/simple" }
sdist = { url = "https://files.pythonhosted.org/packages/c3/b2/bc9c9196916376152d655522fdcebac55e66de6603a76a02bca1b6414f6c/pygments-2.20.0.tar.gz", hash = "sha256:6757cd03768053ff99f3039c1a36d6c0aa0b263438fcab17520b30a303a82b5f", size = 4955991, upload-time = "2026-03-29T13:29:33.898Z" }
wheels = [
    { url = "https://files.pythonhosted.org/packages/f4/7e/a72dd26f3b0f4f2bf1dd8923c85f7ceb43172af56d63c7383eb62b332364/pygments-2.20.0-py3-none-any.whl", hash = "sha256:81a9e26dd42fd28a23a2d169d86d7ac03b46e2f8b59ed4698fb4785f946d0176", size = 1231151, upload-time = "2026-03-29T13:29:30.038Z" },
]

[[package]]
name = "pytest"
version = "9.0.3"
source = { registry = "https://pypi.org/simple" }
dependencies = [
    { name = "colorama", marker = "sys_platform == 'win32'" },
    { name = "iniconfig" },
    { name = "packaging" },
    { name = "pluggy" },
    { name = "pygments" },
]
sdist = { url = "https://files.pythonhosted.org/packages/7d/0d/549bd94f1a0a402dc8cf64563a117c0f3765662e2e668477624baeec44d5/pytest-9.0.3.tar.gz", hash = "sha256:b86ada508af81d19edeb213c681b1d48246c1a91d304c6c81a427674c17eb91c", size = 1572165, upload-time = "2026-04-07T17:16:18.027Z" }
wheels = [
    { url = "https://files.pythonhosted.org/packages/d4/24/a372aaf5c9b7208e7112038812994107bc65a84cd00e0354a88c2c77a617/pytest-9.0.3-py3-none-any.whl", hash = "sha256:2c5efc453d45394fdd706ade797c0a81091eccd1d6e4bccfcd476e2b8e0ab5d9", size = 375249, upload-time = "2026-04-07T17:16:16.13Z" },
]

[[package]]
name = "ruff"
version = "0.15.13"
source = { registry = "https://pypi.org/simple" }
sdist = { url = "https://files.pythonhosted.org/packages/24/21/a7d5c126d5b557715ef81098f3db2fe20f622a039ff2e626af28d674ab80/ruff-0.15.13.tar.gz", hash = "sha256:f9d89f17f7ba7fb2ed42921f0df75da797a9a5d71bc39049e2c687cf2baf44b7", size = 4678180, upload-time = "2026-05-14T13:44:37.869Z" }
wheels = [
    { url = "https://files.pythonhosted.org/packages/c6/61/11d458dc6ac22504fd8e237b29dfd40504c7fbbcc8930402cfe51a8e63ed/ruff-0.15.13-py3-none-linux_armv6l.whl", hash = "sha256:444b580fc72fd6887e650acd3e575e18cdc79dbcf42fb4030b491057921f61f8", size = 10738279, upload-time = "2026-05-14T13:44:18.7Z" },
    { url = "https://files.pythonhosted.org/packages/86/ca/caa871ee7be718c45256fada4e16a218ee3e33f0c4a46b729a60a24912e6/ruff-0.15.13-py3-none-macosx_10_12_x86_64.whl", hash = "sha256:6590d009e7cb7ebf36f83dbdd44a3fa48a0994ff6f1cdc1b08006abe58f98dc7", size = 11124798, upload-time = "2026-05-14T13:44:06.427Z" },
    { url = "https://files.pythonhosted.org/packages/d3/19/43f5f2e568dddde567fc41f8471f9432c09563e19d3e617a48cfa52f8f0a/ruff-0.15.13-py3-none-macosx_11_0_arm64.whl", hash = "sha256:1c26d2f66163deeb6e08d8b39fbbe983ce3c71cea06a6d7591cfd1421793c629", size = 10460761, upload-time = "2026-05-14T13:44:04.375Z" },
    { url = "https://files.pythonhosted.org/packages/99/df/cf938cd6de3003178f03ad7c1ea2a6c099468c03a35037985070b37e76be/ruff-0.15.13-py3-none-manylinux_2_17_aarch64.manylinux2014_aarch64.whl", hash = "sha256:9dbd6f94b434f896308e4d57fb7bfde0d02b99f7a64b3bdab0fdfa6a864203a5", size = 10804451, upload-time = "2026-05-14T13:44:25.221Z" },
    { url = "https://files.pythonhosted.org/packages/c7/7d/5d0973129b154ded2225729169d7068f26b467760b146493fde138415f23/ruff-0.15.13-py3-none-manylinux_2_17_armv7l.manylinux2014_armv7l.whl", hash = "sha256:bf3259f3be4d181bda591da5db2571aed6853c6a048157756448020bc6c5cd22", size = 10534285, upload-time = "2026-05-14T13:44:08.888Z" },
    { url = "https://files.pythonhosted.org/packages/1f/e3/6b999bbc66cd51e5f073842bc2a3995e99c5e0e72e16b15e7261f7abf57a/ruff-0.15.13-py3-none-manylinux_2_17_i686.manylinux2014_i686.whl", hash = "sha256:ae9c17e5eb4430c154e76abc25d79a318190f5a997f38fb6b114416c5319ffc9", size = 11312063, upload-time = "2026-05-14T13:44:11.274Z" },
    { url = "https://files.pythonhosted.org/packages/af/5a/642639e9f5db04f1e97fbd6e091c6fd20725bdf072fb114d00eefb9e6eb8/ruff-0.15.13-py3-none-manylinux_2_17_ppc64le.manylinux2014_ppc64le.whl", hash = "sha256:2e2e39bff6c341f4b577a21b801326fab0b11847f48fcaa83f00a113c9b3cb55", size = 12183079, upload-time = "2026-05-14T13:44:01.634Z" },
    { url = "https://files.pythonhosted.org/packages/19/4c/7585735f6b53b0f12de13618b2f7d250a844f018822efc899df2e7b8295f/ruff-0.15.13-py3-none-manylinux_2_17_s390x.manylinux2014_s390x.whl", hash = "sha256:e8d9a8e08013542e94d3220bc5b62cc3e5ef87c5f74bff367d3fac14fab013e6", size = 11440833, upload-time = "2026-05-14T13:43:59.043Z" },
    { url = "https://files.pythonhosted.org/packages/e8/31/bf1a0803d077e679cfeee5f2f67290a0fa79c7385b5d9a8c17b9db2c48f0/ruff-0.15.13-py3-none-manylinux_2_17_x86_64.manylinux2014_x86_64.whl", hash = "sha256:cc411dfebe5eebe55ce041c6ae080eb7668955e866daa2fbb16692a784f1c4ca", size = 11434486, upload-time = "2026-05-14T13:44:27.761Z" },
    { url = "https://files.pythonhosted.org/packages/e1/4e/62c9b999875d4f14db80f277c030578f5e249c9852d65b7ac7ad0b43c041/ruff-0.15.13-py3-none-manylinux_2_31_riscv64.whl", hash = "sha256:768494eb08b9cee54e2fd27969966f74db5a57f6eaa7a90fcb3306af34dfc4bd", size = 11385189, upload-time = "2026-05-14T13:44:13.704Z" },
    { url = "https://files.pythonhosted.org/packages/fc/89/7e959047a104df3eb12863447c110140191fc5b6c4f379ea2e803fcdb0e4/ruff-0.15.13-py3-none-musllinux_1_2_aarch64.whl", hash = "sha256:fb75f9a3a7e42ffe117d734494e6c5e5cb3565d66e12612cb63d0e572a41a5b6", size = 10781380, upload-time = "2026-05-14T13:43:56.734Z" },
    { url = "https://files.pythonhosted.org/packages/ff/52/5fd18f3b88cab63e88aa11516b3b4e1e5f720e5c330f8dbe5c26210f41f8/ruff-0.15.13-py3-none-musllinux_1_2_armv7l.whl", hash = "sha256:8cb74dd33bb2f6613faf7fc03b660053b5ac4f80e706d5788c6335e2a8048d51", size = 10540605, upload-time = "2026-05-14T13:44:20.748Z" },
    { url = "https://files.pythonhosted.org/packages/e8/e0/9e35f338990d3e41a82875ff7053ffe97541dae81c9d02143177f381d572/ruff-0.15.13-py3-none-musllinux_1_2_i686.whl", hash = "sha256:7ef823f817fcd191dc934e984be9cf4094f808effa16f2542ad8e821ba02bbf2", size = 11036554, upload-time = "2026-05-14T13:44:16.256Z" },
    { url = "https://files.pythonhosted.org/packages/c2/13/070fb048c24080fba188f66371e2a92785be257ad02242066dc7255ac6e9/ruff-0.15.13-py3-none-musllinux_1_2_x86_64.whl", hash = "sha256:f345a13937bd7f09f6f5d19fa0721b0c103e00e7f62bc67089a8e5e037719e0b", size = 11528133, upload-time = "2026-05-14T13:44:22.808Z" },
    { url = "https://files.pythonhosted.org/packages/6b/8c/b1e1666aef7fc6555094d73ae6cd981701781ae85b97ceefc0eebd0b4668/ruff-0.15.13-py3-none-win32.whl", hash = "sha256:4044f94208b3b05ba0fc4a4abd0558cf4d6459bd18325eead7fd8cc66f909b41", size = 10721455, upload-time = "2026-05-14T13:44:35.697Z" },
    { url = "https://files.pythonhosted.org/packages/ab/a6/870a3e8a50590bb92be184ad928c2922f088b00d9dc5c5ec7b924ee08c22/ruff-0.15.13-py3-none-win_amd64.whl", hash = "sha256:7064884d442b7d477b4e7473d12da7f08851d2b1982763c5d3f388a19468a1a4", size = 11900409, upload-time = "2026-05-14T13:44:30.389Z" },
    { url = "https://files.pythonhosted.org/packages/9b/36/9c015cd052fca743dae8cb2aeb16b551444787467db42ceab0fc968865af/ruff-0.15.13-py3-none-win_arm64.whl", hash = "sha256:2471da9bd1068c8c064b5fd9c0c4b6dddffd6369cb1cd68b29993b1709ff1b21", size = 11179336, upload-time = "2026-05-14T13:44:33.026Z" },
]

[[package]]
name = "setuptools"
version = "81.0.0"
source = { registry = "https://pypi.org/simple" }
sdist = { url = "https://files.pythonhosted.org/packages/0d/1c/73e719955c59b8e424d015ab450f51c0af856ae46ea2da83eba51cc88de1/setuptools-81.0.0.tar.gz", hash = "sha256:487b53915f52501f0a79ccfd0c02c165ffe06631443a886740b91af4b7a5845a", size = 1198299, upload-time = "2026-02-06T21:10:39.601Z" }
wheels = [
    { url = "https://files.pythonhosted.org/packages/e1/e3/c164c88b2e5ce7b24d667b9bd83589cf4f3520d97cad01534cd3c4f55fdb/setuptools-81.0.0-py3-none-any.whl", hash = "sha256:fdd925d5c5d9f62e4b74b30d6dd7828ce236fd6ed998a08d81de62ce5a6310d6", size = 1062021, upload-time = "2026-02-06T21:10:37.175Z" },
]

[[package]]
name = "sympy"
version = "1.14.0"
source = { registry = "https://download.pytorch.org/whl/test/cu132" }
dependencies = [
    { name = "mpmath" },
]
sdist = { url = "https://files.pythonhosted.org/packages/83/d3/803453b36afefb7c2bb238361cd4ae6125a569b4db67cd9e79846ba2d68c/sympy-1.14.0.tar.gz", hash = "sha256:d3d3fe8df1e5a0b42f0e7bdf50541697dbe7d23746e894990c030e2b05e72517" }
wheels = [
    { url = "https://files.pythonhosted.org/packages/a2/09/77d55d46fd61b4a135c444fc97158ef34a095e5681d0a6c10b75bf356191/sympy-1.14.0-py3-none-any.whl", hash = "sha256:e091cc3e99d2141a0ba2847328f5479b05d94a6635cb96148ccb3f34671bd8f5" },
]

[[package]]
name = "torch"
version = "2.12.0+cu132"
source = { registry = "https://download.pytorch.org/whl/test/cu132" }
dependencies = [
    { name = "cuda-bindings", marker = "sys_platform == 'linux'" },
    { name = "cuda-toolkit", extra = ["cublas", "cudart", "cufft", "cufile", "cupti", "curand", "cusolver", "cusparse", "nvjitlink", "nvrtc", "nvtx"], marker = "sys_platform == 'linux'" },
    { name = "filelock" },
    { name = "fsspec" },
    { name = "jinja2" },
    { name = "networkx" },
    { name = "nvidia-cudnn-cu13", marker = "sys_platform == 'linux'" },
    { name = "nvidia-cusparselt-cu13", marker = "sys_platform == 'linux'" },
    { name = "nvidia-nccl-cu13", marker = "sys_platform == 'linux'" },
    { name = "nvidia-nvshmem-cu13", marker = "sys_platform == 'linux'" },
    { name = "setuptools" },
    { name = "sympy" },
    { name = "triton", marker = "sys_platform == 'linux'" },
    { name = "typing-extensions" },
]
wheels = [
    { url = "https://download.pytorch.org/whl/test/cu132/torch-2.12.0%2Bcu132-cp312-cp312-manylinux_2_28_aarch64.whl", hash = "sha256:21909235cbbc94a938d737f1721b53cc61316cd7787aa459b4d458b840fc0309", upload-time = "2026-05-05T00:04:43Z" },
    { url = "https://download.pytorch.org/whl/test/cu132/torch-2.12.0%2Bcu132-cp312-cp312-manylinux_2_28_x86_64.whl", hash = "sha256:df5fadef905c5967cad2843916de00d32ba40ff232154584433d2b4761eb0218", upload-time = "2026-05-05T00:50:34Z" },
    { url = "https://download.pytorch.org/whl/test/cu132/torch-2.12.0%2Bcu132-cp312-cp312-win_amd64.whl", hash = "sha256:59d4ffe54376b8e6b78622cb8e2b186c4d84963c5a06ed56299d2eee6c5bcb85", upload-time = "2026-05-11T18:54:07Z" },
]

[[package]]
name = "tqdm"
version = "4.67.3"
source = { registry = "https://pypi.org/simple" }
dependencies = [
    { name = "colorama", marker = "sys_platform == 'win32'" },
]
sdist = { url = "https://files.pythonhosted.org/packages/09/a9/6ba95a270c6f1fbcd8dac228323f2777d886cb206987444e4bce66338dd4/tqdm-4.67.3.tar.gz", hash = "sha256:7d825f03f89244ef73f1d4ce193cb1774a8179fd96f31d7e1dcde62092b960bb", size = 169598, upload-time = "2026-02-03T17:35:53.048Z" }
wheels = [
    { url = "https://files.pythonhosted.org/packages/16/e1/3079a9ff9b8e11b846c6ac5c8b5bfb7ff225eee721825310c91b3b50304f/tqdm-4.67.3-py3-none-any.whl", hash = "sha256:ee1e4c0e59148062281c49d80b25b67771a127c85fc9676d3be5f243206826bf", size = 78374, upload-time = "2026-02-03T17:35:50.982Z" },
]

[[package]]
name = "triton"
version = "3.7.0"
source = { registry = "https://download.pytorch.org/whl/test/cu132" }
wheels = [
    { url = "https://download.pytorch.org/whl/test/triton-3.7.0-cp312-cp312-linux_aarch64.whl", hash = "sha256:0c0ef2fd4f7477974466586456a750745e30615f9b8ddf978c5b7ea7eb86c32f", upload-time = "2026-05-01T00:07:42Z" },
    { url = "https://download.pytorch.org/whl/test/triton-3.7.0-cp312-cp312-manylinux_2_27_aarch64.manylinux_2_28_aarch64.whl", hash = "sha256:1435f6ab88343976bd4b75a618d205449224af49f19c857482a8bb7cddff8481", upload-time = "2026-05-06T23:35:00Z" },
    { url = "https://download.pytorch.org/whl/test/triton-3.7.0-cp312-cp312-manylinux_2_27_x86_64.manylinux_2_28_x86_64.whl", hash = "sha256:1f70c2b92b45a1ad978f9cc04872fec0ba2c838bfb975c1f6369d4ce4d83f54e", upload-time = "2026-05-06T20:52:32Z" },
]

[[package]]
name = "typing-extensions"
version = "4.15.0"
source = { registry = "https://download.pytorch.org/whl/test/cu132" }
wheels = [
    { url = "https://download.pytorch.org/whl/test/typing_extensions-4.15.0-py3-none-any.whl" },
]
